
Microsoft Visual Studio Solution File, Format Version 12.00
# Visual Studio Version 17
VisualStudioVersion = 17.1.32210.238
MinimumVisualStudioVersion = 10.0.40219.1
Project("{FAE04EC0-301F-11D3-BF4B-00C04F79EFBC}") = "NomorIdaman.WebApplication", "NomorIdaman\NomorIdaman.WebApplication.csproj", "{72ADC9F7-0380-46C7-A41F-82B7B2841076}"
EndProject
Project("{FAE04EC0-301F-11D3-BF4B-00C04F79EFBC}") = "NomorIdaman.Domain", "NomorIdaman.Domain\NomorIdaman.Domain.csproj", "{241F7148-6E4F-4E8F-9DE5-A1A039047ACA}"
EndProject
Project("{FAE04EC0-301F-11D3-BF4B-00C04F79EFBC}") = "NomorIdaman.Infrastructure", "NomorIdaman.Infrastructure\NomorIdaman.Infrastructure.csproj", "{35667324-52B0-4832-B294-73D19C161509}"
EndProject
Project("{FAE04EC0-301F-11D3-BF4B-00C04F79EFBC}") = "NomorIdaman.Application", "NomorIdaman.Application\NomorIdaman.Application.csproj", "{79EB0379-5099-4DA7-9CBD-6A213971954C}"
EndProject
Project("{FAE04EC0-301F-11D3-BF4B-00C04F79EFBC}") = "NomorIdaman.WebApi", "NomorIdaman.WebApi\NomorIdaman.WebApi.csproj", "{9BED4340-40E7-4199-8B86-490A915DECEB}"
EndProject
Global
	GlobalSection(SolutionConfigurationPlatforms) = preSolution
		Debug|Any CPU = Debug|Any CPU
		Release|Any CPU = Release|Any CPU
	EndGlobalSection
	GlobalSection(ProjectConfigurationPlatforms) = postSolution
		{72ADC9F7-0380-46C7-A41F-82B7B2841076}.Debug|Any CPU.ActiveCfg = Debug|Any CPU
		{72ADC9F7-0380-46C7-A41F-82B7B2841076}.Debug|Any CPU.Build.0 = Debug|Any CPU
		{72ADC9F7-0380-46C7-A41F-82B7B2841076}.Release|Any CPU.ActiveCfg = Release|Any CPU
		{72ADC9F7-0380-46C7-A41F-82B7B2841076}.Release|Any CPU.Build.0 = Release|Any CPU
		{241F7148-6E4F-4E8F-9DE5-A1A039047ACA}.Debug|Any CPU.ActiveCfg = Debug|Any CPU
		{241F7148-6E4F-4E8F-9DE5-A1A039047ACA}.Debug|Any CPU.Build.0 = Debug|Any CPU
		{241F7148-6E4F-4E8F-9DE5-A1A039047ACA}.Release|Any CPU.ActiveCfg = Release|Any CPU
		{241F7148-6E4F-4E8F-9DE5-A1A039047ACA}.Release|Any CPU.Build.0 = Release|Any CPU
		{35667324-52B0-4832-B294-73D19C161509}.Debug|Any CPU.ActiveCfg = Debug|Any CPU
		{35667324-52B0-4832-B294-73D19C161509}.Debug|Any CPU.Build.0 = Debug|Any CPU
		{35667324-52B0-4832-B294-73D19C161509}.Release|Any CPU.ActiveCfg = Release|Any CPU
		{35667324-52B0-4832-B294-73D19C161509}.Release|Any CPU.Build.0 = Release|Any CPU
		{79EB0379-5099-4DA7-9CBD-6A213971954C}.Debug|Any CPU.ActiveCfg = Debug|Any CPU
		{79EB0379-5099-4DA7-9CBD-6A213971954C}.Debug|Any CPU.Build.0 = Debug|Any CPU
		{79EB0379-5099-4DA7-9CBD-6A213971954C}.Release|Any CPU.ActiveCfg = Release|Any CPU
		{79EB0379-5099-4DA7-9CBD-6A213971954C}.Release|Any CPU.Build.0 = Release|Any CPU
		{9BED4340-40E7-4199-8B86-490A915DECEB}.Debug|Any CPU.ActiveCfg = Debug|Any CPU
		{9BED4340-40E7-4199-8B86-490A915DECEB}.Debug|Any CPU.Build.0 = Debug|Any CPU
		{9BED4340-40E7-4199-8B86-490A915DECEB}.Release|Any CPU.ActiveCfg = Release|Any CPU
		{9BED4340-40E7-4199-8B86-490A915DECEB}.Release|Any CPU.Build.0 = Release|Any CPU
	EndGlobalSection
	GlobalSection(SolutionProperties) = preSolution
		HideSolutionNode = FALSE
	EndGlobalSection
	GlobalSection(ExtensibilityGlobals) = postSolution
		SolutionGuid = {E9A9CACF-7849-4D93-B629-877C615ADE0F}
	EndGlobalSection
EndGlobal
